# THIS IS AN AUTOGENERATED FILE. DO NOT EDIT THIS FILE DIRECTLY.
# yarn lockfile v1


commander@^7.0.0:
  version "7.0.0"
  resolved "https://registry.yarnpkg.com/commander/-/commander-7.0.0.tgz#3e2bbfd8bb6724760980988fb5b22b7ee6b71ab2"
  integrity sha512-ovx/7NkTrnPuIV8sqk/GjUIIM1+iUQeqA3ye2VNpq9sVoiZsooObWlQy+OPWGI17GDaEoybuAGJm6U8yC077BA==

faker@^5.2.0:
  version "5.2.0"
  resolved "https://registry.yarnpkg.com/faker/-/faker-5.2.0.tgz#5ee7ca475737eda8cf59c0cbaae5f5068e668dd9"
  integrity sha512-UlrF1NNRIdzEPtBcy5l8JTlnXQZdz+4pQc3v2TAVocW39nnczCNQ0g0CBKgPGISJPzA2DqJVN1kdr+FCRFdN5g==
